
Microsoft Visual Studio Solution File, Format Version 12.00
# Visual Studio Version 16
VisualStudioVersion = 16.0.30011.22
MinimumVisualStudioVersion = 10.0.40219.1
Project("{9A19103F-16F7-4668-BE54-9A1E7A4F7556}") = "Deeplex.Saverwalter.Model", "Deeplex.Saverwalter.Model\Deeplex.Saverwalter.Model.csproj", "{86B31247-2795-4D84-B78B-DE8D502E6719}"
EndProject
Project("{9A19103F-16F7-4668-BE54-9A1E7A4F7556}") = "Deeplex.Saverwalter.CLI", "Deeplex.Saverwalter.CLI\Deeplex.Saverwalter.CLI.csproj", "{8293BA49-2BD2-4888-A742-DC576DB19BD1}"
EndProject
Project("{9A19103F-16F7-4668-BE54-9A1E7A4F7556}") = "Deeplex.Saverwalter.Print", "Deeplex.Saverwalter.Print\Deeplex.Saverwalter.Print.csproj", "{54CAB3F2-F07C-4D88-B50C-D140C0F799E0}"
EndProject
Project("{9A19103F-16F7-4668-BE54-9A1E7A4F7556}") = "Deeplex.Utils.ObjectModel", "Deeplex.Utils.ObjectModel\Deeplex.Utils.ObjectModel.csproj", "{81840D1D-EB12-40CE-BCD1-84E2B2E12ED9}"
EndProject
Project("{C7167F0D-BC9F-4E6E-AFE1-012C56B48DB5}") = "Deeplex.Saverwalter.WinUI3 (Package)", "Deeplex.Saverwalter.WinUI3\Deeplex.Saverwalter.WinUI3 (Package)\Deeplex.Saverwalter.WinUI3 (Package).wapproj", "{8CCC5D0C-C01A-424C-B122-DA249DE1AF44}"
EndProject
Project("{9A19103F-16F7-4668-BE54-9A1E7A4F7556}") = "Deeplex.Saverwalter.WinUI3", "Deeplex.Saverwalter.WinUI3\Deeplex.Saverwalter.WinUI3\Deeplex.Saverwalter.WinUI3.csproj", "{FDB87E39-FAC6-4F86-9F11-3CCDA4E0DE60}"
EndProject
Project("{9A19103F-16F7-4668-BE54-9A1E7A4F7556}") = "Deeplex.Saverwalter.ViewModels", "Deeplex.Saverwalter.ViewModels\Deeplex.Saverwalter.ViewModels.csproj", "{03CE0472-164C-4D00-8228-945B693DE4DA}"
EndProject
Global
	GlobalSection(SolutionConfigurationPlatforms) = preSolution
		Debug|Any CPU = Debug|Any CPU
		Debug|ARM = Debug|ARM
		Debug|ARM64 = Debug|ARM64
		Debug|x64 = Debug|x64
		Debug|x86 = Debug|x86
		Release|Any CPU = Release|Any CPU
		Release|ARM = Release|ARM
		Release|ARM64 = Release|ARM64
		Release|x64 = Release|x64
		Release|x86 = Release|x86
	EndGlobalSection
	GlobalSection(ProjectConfigurationPlatforms) = postSolution
		{86B31247-2795-4D84-B78B-DE8D502E6719}.Debug|Any CPU.ActiveCfg = Debug|Any CPU
		{86B31247-2795-4D84-B78B-DE8D502E6719}.Debug|Any CPU.Build.0 = Debug|Any CPU
		{86B31247-2795-4D84-B78B-DE8D502E6719}.Debug|ARM.ActiveCfg = Debug|Any CPU
		{86B31247-2795-4D84-B78B-DE8D502E6719}.Debug|ARM.Build.0 = Debug|Any CPU
		{86B31247-2795-4D84-B78B-DE8D502E6719}.Debug|ARM64.ActiveCfg = Debug|Any CPU
		{86B31247-2795-4D84-B78B-DE8D502E6719}.Debug|ARM64.Build.0 = Debug|Any CPU
		{86B31247-2795-4D84-B78B-DE8D502E6719}.Debug|x64.ActiveCfg = Debug|Any CPU
		{86B31247-2795-4D84-B78B-DE8D502E6719}.Debug|x64.Build.0 = Debug|Any CPU
		{86B31247-2795-4D84-B78B-DE8D502E6719}.Debug|x86.ActiveCfg = Debug|Any CPU
		{86B31247-2795-4D84-B78B-DE8D502E6719}.Debug|x86.Build.0 = Debug|Any CPU
		{86B31247-2795-4D84-B78B-DE8D502E6719}.Release|Any CPU.ActiveCfg = Release|Any CPU
		{86B31247-2795-4D84-B78B-DE8D502E6719}.Release|Any CPU.Build.0 = Release|Any CPU
		{86B31247-2795-4D84-B78B-DE8D502E6719}.Release|ARM.ActiveCfg = Release|Any CPU
		{86B31247-2795-4D84-B78B-DE8D502E6719}.Release|ARM.Build.0 = Release|Any CPU
		{86B31247-2795-4D84-B78B-DE8D502E6719}.Release|ARM64.ActiveCfg = Release|Any CPU
		{86B31247-2795-4D84-B78B-DE8D502E6719}.Release|ARM64.Build.0 = Release|Any CPU
		{86B31247-2795-4D84-B78B-DE8D502E6719}.Release|x64.ActiveCfg = Release|Any CPU
		{86B31247-2795-4D84-B78B-DE8D502E6719}.Release|x64.Build.0 = Release|Any CPU
		{86B31247-2795-4D84-B78B-DE8D502E6719}.Release|x86.ActiveCfg = Release|Any CPU
		{86B31247-2795-4D84-B78B-DE8D502E6719}.Release|x86.Build.0 = Release|Any CPU
		{8293BA49-2BD2-4888-A742-DC576DB19BD1}.Debug|Any CPU.ActiveCfg = Debug|Any CPU
		{8293BA49-2BD2-4888-A742-DC576DB19BD1}.Debug|Any CPU.Build.0 = Debug|Any CPU
		{8293BA49-2BD2-4888-A742-DC576DB19BD1}.Debug|ARM.ActiveCfg = Debug|Any CPU
		{8293BA49-2BD2-4888-A742-DC576DB19BD1}.Debug|ARM.Build.0 = Debug|Any CPU
		{8293BA49-2BD2-4888-A742-DC576DB19BD1}.Debug|ARM64.ActiveCfg = Debug|Any CPU
		{8293BA49-2BD2-4888-A742-DC576DB19BD1}.Debug|ARM64.Build.0 = Debug|Any CPU
		{8293BA49-2BD2-4888-A742-DC576DB19BD1}.Debug|x64.ActiveCfg = Debug|Any CPU
		{8293BA49-2BD2-4888-A742-DC576DB19BD1}.Debug|x64.Build.0 = Debug|Any CPU
		{8293BA49-2BD2-4888-A742-DC576DB19BD1}.Debug|x86.ActiveCfg = Debug|Any CPU
		{8293BA49-2BD2-4888-A742-DC576DB19BD1}.Debug|x86.Build.0 = Debug|Any CPU
		{8293BA49-2BD2-4888-A742-DC576DB19BD1}.Release|Any CPU.ActiveCfg = Release|Any CPU
		{8293BA49-2BD2-4888-A742-DC576DB19BD1}.Release|Any CPU.Build.0 = Release|Any CPU
		{8293BA49-2BD2-4888-A742-DC576DB19BD1}.Release|ARM.ActiveCfg = Release|Any CPU
		{8293BA49-2BD2-4888-A742-DC576DB19BD1}.Release|ARM.Build.0 = Release|Any CPU
		{8293BA49-2BD2-4888-A742-DC576DB19BD1}.Release|ARM64.ActiveCfg = Release|Any CPU
		{8293BA49-2BD2-4888-A742-DC576DB19BD1}.Release|ARM64.Build.0 = Release|Any CPU
		{8293BA49-2BD2-4888-A742-DC576DB19BD1}.Release|x64.ActiveCfg = Release|Any CPU
		{8293BA49-2BD2-4888-A742-DC576DB19BD1}.Release|x64.Build.0 = Release|Any CPU
		{8293BA49-2BD2-4888-A742-DC576DB19BD1}.Release|x86.ActiveCfg = Release|Any CPU
		{8293BA49-2BD2-4888-A742-DC576DB19BD1}.Release|x86.Build.0 = Release|Any CPU
		{54CAB3F2-F07C-4D88-B50C-D140C0F799E0}.Debug|Any CPU.ActiveCfg = Debug|Any CPU
		{54CAB3F2-F07C-4D88-B50C-D140C0F799E0}.Debug|Any CPU.Build.0 = Debug|Any CPU
		{54CAB3F2-F07C-4D88-B50C-D140C0F799E0}.Debug|ARM.ActiveCfg = Debug|Any CPU
		{54CAB3F2-F07C-4D88-B50C-D140C0F799E0}.Debug|ARM.Build.0 = Debug|Any CPU
		{54CAB3F2-F07C-4D88-B50C-D140C0F799E0}.Debug|ARM64.ActiveCfg = Debug|Any CPU
		{54CAB3F2-F07C-4D88-B50C-D140C0F799E0}.Debug|ARM64.Build.0 = Debug|Any CPU
		{54CAB3F2-F07C-4D88-B50C-D140C0F799E0}.Debug|x64.ActiveCfg = Debug|Any CPU
		{54CAB3F2-F07C-4D88-B50C-D140C0F799E0}.Debug|x64.Build.0 = Debug|Any CPU
		{54CAB3F2-F07C-4D88-B50C-D140C0F799E0}.Debug|x86.ActiveCfg = Debug|Any CPU
		{54CAB3F2-F07C-4D88-B50C-D140C0F799E0}.Debug|x86.Build.0 = Debug|Any CPU
		{54CAB3F2-F07C-4D88-B50C-D140C0F799E0}.Release|Any CPU.ActiveCfg = Release|Any CPU
		{54CAB3F2-F07C-4D88-B50C-D140C0F799E0}.Release|Any CPU.Build.0 = Release|Any CPU
		{54CAB3F2-F07C-4D88-B50C-D140C0F799E0}.Release|ARM.ActiveCfg = Release|Any CPU
		{54CAB3F2-F07C-4D88-B50C-D140C0F799E0}.Release|ARM.Build.0 = Release|Any CPU
		{54CAB3F2-F07C-4D88-B50C-D140C0F799E0}.Release|ARM64.ActiveCfg = Release|Any CPU
		{54CAB3F2-F07C-4D88-B50C-D140C0F799E0}.Release|ARM64.Build.0 = Release|Any CPU
		{54CAB3F2-F07C-4D88-B50C-D140C0F799E0}.Release|x64.ActiveCfg = Release|Any CPU
		{54CAB3F2-F07C-4D88-B50C-D140C0F799E0}.Release|x64.Build.0 = Release|Any CPU
		{54CAB3F2-F07C-4D88-B50C-D140C0F799E0}.Release|x86.ActiveCfg = Release|Any CPU
		{54CAB3F2-F07C-4D88-B50C-D140C0F799E0}.Release|x86.Build.0 = Release|Any CPU
		{81840D1D-EB12-40CE-BCD1-84E2B2E12ED9}.Debug|Any CPU.ActiveCfg = Debug|Any CPU
		{81840D1D-EB12-40CE-BCD1-84E2B2E12ED9}.Debug|Any CPU.Build.0 = Debug|Any CPU
		{81840D1D-EB12-40CE-BCD1-84E2B2E12ED9}.Debug|ARM.ActiveCfg = Debug|ARM
		{81840D1D-EB12-40CE-BCD1-84E2B2E12ED9}.Debug|ARM.Build.0 = Debug|ARM
		{81840D1D-EB12-40CE-BCD1-84E2B2E12ED9}.Debug|ARM64.ActiveCfg = Debug|ARM64
		{81840D1D-EB12-40CE-BCD1-84E2B2E12ED9}.Debug|ARM64.Build.0 = Debug|ARM64
		{81840D1D-EB12-40CE-BCD1-84E2B2E12ED9}.Debug|x64.ActiveCfg = Debug|x64
		{81840D1D-EB12-40CE-BCD1-84E2B2E12ED9}.Debug|x64.Build.0 = Debug|x64
		{81840D1D-EB12-40CE-BCD1-84E2B2E12ED9}.Debug|x86.ActiveCfg = Debug|x86
		{81840D1D-EB12-40CE-BCD1-84E2B2E12ED9}.Debug|x86.Build.0 = Debug|x86
		{81840D1D-EB12-40CE-BCD1-84E2B2E12ED9}.Release|Any CPU.ActiveCfg = Release|Any CPU
		{81840D1D-EB12-40CE-BCD1-84E2B2E12ED9}.Release|Any CPU.Build.0 = Release|Any CPU
		{81840D1D-EB12-40CE-BCD1-84E2B2E12ED9}.Release|ARM.ActiveCfg = Release|ARM
		{81840D1D-EB12-40CE-BCD1-84E2B2E12ED9}.Release|ARM.Build.0 = Release|ARM
		{81840D1D-EB12-40CE-BCD1-84E2B2E12ED9}.Release|ARM64.ActiveCfg = Release|ARM64
		{81840D1D-EB12-40CE-BCD1-84E2B2E12ED9}.Release|ARM64.Build.0 = Release|ARM64
		{81840D1D-EB12-40CE-BCD1-84E2B2E12ED9}.Release|x64.ActiveCfg = Release|x64
		{81840D1D-EB12-40CE-BCD1-84E2B2E12ED9}.Release|x64.Build.0 = Release|x64
		{81840D1D-EB12-40CE-BCD1-84E2B2E12ED9}.Release|x86.ActiveCfg = Release|x86
		{81840D1D-EB12-40CE-BCD1-84E2B2E12ED9}.Release|x86.Build.0 = Release|x86
		{8CCC5D0C-C01A-424C-B122-DA249DE1AF44}.Debug|Any CPU.ActiveCfg = Debug|x86
		{8CCC5D0C-C01A-424C-B122-DA249DE1AF44}.Debug|ARM.ActiveCfg = Debug|x86
		{8CCC5D0C-C01A-424C-B122-DA249DE1AF44}.Debug|ARM64.ActiveCfg = Debug|arm64
		{8CCC5D0C-C01A-424C-B122-DA249DE1AF44}.Debug|ARM64.Build.0 = Debug|arm64
		{8CCC5D0C-C01A-424C-B122-DA249DE1AF44}.Debug|ARM64.Deploy.0 = Debug|arm64
		{8CCC5D0C-C01A-424C-B122-DA249DE1AF44}.Debug|x64.ActiveCfg = Debug|x64
		{8CCC5D0C-C01A-424C-B122-DA249DE1AF44}.Debug|x64.Build.0 = Debug|x64
		{8CCC5D0C-C01A-424C-B122-DA249DE1AF44}.Debug|x64.Deploy.0 = Debug|x64
		{8CCC5D0C-C01A-424C-B122-DA249DE1AF44}.Debug|x86.ActiveCfg = Debug|x86
		{8CCC5D0C-C01A-424C-B122-DA249DE1AF44}.Debug|x86.Build.0 = Debug|x86
		{8CCC5D0C-C01A-424C-B122-DA249DE1AF44}.Debug|x86.Deploy.0 = Debug|x86
		{8CCC5D0C-C01A-424C-B122-DA249DE1AF44}.Release|Any CPU.ActiveCfg = Release|x86
		{8CCC5D0C-C01A-424C-B122-DA249DE1AF44}.Release|ARM.ActiveCfg = Release|x86
		{8CCC5D0C-C01A-424C-B122-DA249DE1AF44}.Release|ARM64.ActiveCfg = Release|arm64
		{8CCC5D0C-C01A-424C-B122-DA249DE1AF44}.Release|ARM64.Build.0 = Release|arm64
		{8CCC5D0C-C01A-424C-B122-DA249DE1AF44}.Release|ARM64.Deploy.0 = Release|arm64
		{8CCC5D0C-C01A-424C-B122-DA249DE1AF44}.Release|x64.ActiveCfg = Release|x64
		{8CCC5D0C-C01A-424C-B122-DA249DE1AF44}.Release|x64.Build.0 = Release|x64
		{8CCC5D0C-C01A-424C-B122-DA249DE1AF44}.Release|x64.Deploy.0 = Release|x64
		{8CCC5D0C-C01A-424C-B122-DA249DE1AF44}.Release|x86.ActiveCfg = Release|x86
		{8CCC5D0C-C01A-424C-B122-DA249DE1AF44}.Release|x86.Build.0 = Release|x86
		{8CCC5D0C-C01A-424C-B122-DA249DE1AF44}.Release|x86.Deploy.0 = Release|x86
		{FDB87E39-FAC6-4F86-9F11-3CCDA4E0DE60}.Debug|Any CPU.ActiveCfg = Debug|x86
		{FDB87E39-FAC6-4F86-9F11-3CCDA4E0DE60}.Debug|ARM.ActiveCfg = Debug|x86
		{FDB87E39-FAC6-4F86-9F11-3CCDA4E0DE60}.Debug|ARM64.ActiveCfg = Debug|arm64
		{FDB87E39-FAC6-4F86-9F11-3CCDA4E0DE60}.Debug|ARM64.Build.0 = Debug|arm64
		{FDB87E39-FAC6-4F86-9F11-3CCDA4E0DE60}.Debug|x64.ActiveCfg = Debug|x64
		{FDB87E39-FAC6-4F86-9F11-3CCDA4E0DE60}.Debug|x64.Build.0 = Debug|x64
		{FDB87E39-FAC6-4F86-9F11-3CCDA4E0DE60}.Debug|x86.ActiveCfg = Debug|x86
		{FDB87E39-FAC6-4F86-9F11-3CCDA4E0DE60}.Debug|x86.Build.0 = Debug|x86
		{FDB87E39-FAC6-4F86-9F11-3CCDA4E0DE60}.Release|Any CPU.ActiveCfg = Release|x86
		{FDB87E39-FAC6-4F86-9F11-3CCDA4E0DE60}.Release|ARM.ActiveCfg = Release|x86
		{FDB87E39-FAC6-4F86-9F11-3CCDA4E0DE60}.Release|ARM64.ActiveCfg = Release|arm64
		{FDB87E39-FAC6-4F86-9F11-3CCDA4E0DE60}.Release|ARM64.Build.0 = Release|arm64
		{FDB87E39-FAC6-4F86-9F11-3CCDA4E0DE60}.Release|x64.ActiveCfg = Release|x64
		{FDB87E39-FAC6-4F86-9F11-3CCDA4E0DE60}.Release|x64.Build.0 = Release|x64
		{FDB87E39-FAC6-4F86-9F11-3CCDA4E0DE60}.Release|x86.ActiveCfg = Release|x86
		{FDB87E39-FAC6-4F86-9F11-3CCDA4E0DE60}.Release|x86.Build.0 = Release|x86
		{03CE0472-164C-4D00-8228-945B693DE4DA}.Debug|Any CPU.ActiveCfg = Debug|Any CPU
		{03CE0472-164C-4D00-8228-945B693DE4DA}.Debug|Any CPU.Build.0 = Debug|Any CPU
		{03CE0472-164C-4D00-8228-945B693DE4DA}.Debug|ARM.ActiveCfg = Debug|Any CPU
		{03CE0472-164C-4D00-8228-945B693DE4DA}.Debug|ARM.Build.0 = Debug|Any CPU
		{03CE0472-164C-4D00-8228-945B693DE4DA}.Debug|ARM64.ActiveCfg = Debug|Any CPU
		{03CE0472-164C-4D00-8228-945B693DE4DA}.Debug|ARM64.Build.0 = Debug|Any CPU
		{03CE0472-164C-4D00-8228-945B693DE4DA}.Debug|x64.ActiveCfg = Debug|Any CPU
		{03CE0472-164C-4D00-8228-945B693DE4DA}.Debug|x64.Build.0 = Debug|Any CPU
		{03CE0472-164C-4D00-8228-945B693DE4DA}.Debug|x86.ActiveCfg = Debug|Any CPU
		{03CE0472-164C-4D00-8228-945B693DE4DA}.Debug|x86.Build.0 = Debug|Any CPU
		{03CE0472-164C-4D00-8228-945B693DE4DA}.Release|Any CPU.ActiveCfg = Release|Any CPU
		{03CE0472-164C-4D00-8228-945B693DE4DA}.Release|Any CPU.Build.0 = Release|Any CPU
		{03CE0472-164C-4D00-8228-945B693DE4DA}.Release|ARM.ActiveCfg = Release|Any CPU
		{03CE0472-164C-4D00-8228-945B693DE4DA}.Release|ARM.Build.0 = Release|Any CPU
		{03CE0472-164C-4D00-8228-945B693DE4DA}.Release|ARM64.ActiveCfg = Release|Any CPU
		{03CE0472-164C-4D00-8228-945B693DE4DA}.Release|ARM64.Build.0 = Release|Any CPU
		{03CE0472-164C-4D00-8228-945B693DE4DA}.Release|x64.ActiveCfg = Release|Any CPU
		{03CE0472-164C-4D00-8228-945B693DE4DA}.Release|x64.Build.0 = Release|Any CPU
		{03CE0472-164C-4D00-8228-945B693DE4DA}.Release|x86.ActiveCfg = Release|Any CPU
		{03CE0472-164C-4D00-8228-945B693DE4DA}.Release|x86.Build.0 = Release|Any CPU
	EndGlobalSection
	GlobalSection(SolutionProperties) = preSolution
		HideSolutionNode = FALSE
	EndGlobalSection
	GlobalSection(ExtensibilityGlobals) = postSolution
		SolutionGuid = {A899D7C1-B713-4E5F-987A-EF916FCE5557}
	EndGlobalSection
EndGlobal
