
Microsoft Visual Studio Solution File, Format Version 12.00
# Visual Studio Version 17
VisualStudioVersion = 17.2.32630.192
MinimumVisualStudioVersion = 10.0.40219.1
Project("{9A19103F-16F7-4668-BE54-9A1E7A4F7556}") = "Deeplex.Saverwalter.Model", "Deeplex.Saverwalter.Model\Deeplex.Saverwalter.Model.csproj", "{86B31247-2795-4D84-B78B-DE8D502E6719}"
EndProject
Project("{9A19103F-16F7-4668-BE54-9A1E7A4F7556}") = "Deeplex.Saverwalter.CLI", "Deeplex.Saverwalter.CLI\Deeplex.Saverwalter.CLI.csproj", "{8293BA49-2BD2-4888-A742-DC576DB19BD1}"
EndProject
Project("{9A19103F-16F7-4668-BE54-9A1E7A4F7556}") = "Deeplex.Saverwalter.PrintService", "Deeplex.Saverwalter.PrintService\Deeplex.Saverwalter.PrintService.csproj", "{54CAB3F2-F07C-4D88-B50C-D140C0F799E0}"
EndProject
Project("{9A19103F-16F7-4668-BE54-9A1E7A4F7556}") = "Deeplex.Saverwalter.Model.Tests", "Deeplex.Saverwalter.Model.Tests\Deeplex.Saverwalter.Model.Tests.csproj", "{3BA86835-873B-4E2C-9EE4-390A32E10678}"
EndProject
Project("{9A19103F-16F7-4668-BE54-9A1E7A4F7556}") = "Deeplex.Saverwalter.WebAPI", "Deeplex.Saverwalter.WebAPI\Deeplex.Saverwalter.WebAPI.csproj", "{82004177-6EF1-42DE-911B-BD4917BB4B81}"
EndProject
Project("{9A19103F-16F7-4668-BE54-9A1E7A4F7556}") = "Deeplex.Saverwalter.BetriebskostenabrechnungService", "Deeplex.Saverwalter.BetriebskostenabrechnungService\Deeplex.Saverwalter.BetriebskostenabrechnungService.csproj", "{DD438273-69A1-4266-901F-734457524A37}"
EndProject
Project("{9A19103F-16F7-4668-BE54-9A1E7A4F7556}") = "Deeplex.Saverwalter.BetriebskostenabrechnungService.Tests", "Deeplex.Saverwalter.BetriebskostenabrechnungService.Tests\Deeplex.Saverwalter.BetriebskostenabrechnungService.Tests.csproj", "{D8B0B7AE-4C22-4C68-9079-5B429A4F3522}"
EndProject
Project("{9A19103F-16F7-4668-BE54-9A1E7A4F7556}") = "Deeplex.Saverwalter.ErhaltungsaufwendungService", "Deeplex.Saverwalter.ErhaltungsaufwendungService\Deeplex.Saverwalter.ErhaltungsaufwendungService.csproj", "{F4212F3A-4F71-4CB2-9C21-BD2B293A19D2}"
EndProject
Project("{9A19103F-16F7-4668-BE54-9A1E7A4F7556}") = "Deeplex.Saverwalter.InitiateTestDbs", "Deeplex.Saverwalter.InitiateTestDbs\Deeplex.Saverwalter.InitiateTestDbs.csproj", "{D94B4983-7DF1-469E-9B29-B078D73E296F}"
EndProject
Global
	GlobalSection(SolutionConfigurationPlatforms) = preSolution
		Debug|Any CPU = Debug|Any CPU
		Debug|ARM = Debug|ARM
		Debug|ARM64 = Debug|ARM64
		Debug|x64 = Debug|x64
		Debug|x86 = Debug|x86
		Release|Any CPU = Release|Any CPU
		Release|ARM = Release|ARM
		Release|ARM64 = Release|ARM64
		Release|x64 = Release|x64
		Release|x86 = Release|x86
	EndGlobalSection
	GlobalSection(ProjectConfigurationPlatforms) = postSolution
		{86B31247-2795-4D84-B78B-DE8D502E6719}.Debug|Any CPU.ActiveCfg = Debug|Any CPU
		{86B31247-2795-4D84-B78B-DE8D502E6719}.Debug|Any CPU.Build.0 = Debug|Any CPU
		{86B31247-2795-4D84-B78B-DE8D502E6719}.Debug|ARM.ActiveCfg = Debug|Any CPU
		{86B31247-2795-4D84-B78B-DE8D502E6719}.Debug|ARM.Build.0 = Debug|Any CPU
		{86B31247-2795-4D84-B78B-DE8D502E6719}.Debug|ARM64.ActiveCfg = Debug|Any CPU
		{86B31247-2795-4D84-B78B-DE8D502E6719}.Debug|ARM64.Build.0 = Debug|Any CPU
		{86B31247-2795-4D84-B78B-DE8D502E6719}.Debug|x64.ActiveCfg = Debug|Any CPU
		{86B31247-2795-4D84-B78B-DE8D502E6719}.Debug|x64.Build.0 = Debug|Any CPU
		{86B31247-2795-4D84-B78B-DE8D502E6719}.Debug|x86.ActiveCfg = Debug|Any CPU
		{86B31247-2795-4D84-B78B-DE8D502E6719}.Debug|x86.Build.0 = Debug|Any CPU
		{86B31247-2795-4D84-B78B-DE8D502E6719}.Release|Any CPU.ActiveCfg = Release|Any CPU
		{86B31247-2795-4D84-B78B-DE8D502E6719}.Release|Any CPU.Build.0 = Release|Any CPU
		{86B31247-2795-4D84-B78B-DE8D502E6719}.Release|ARM.ActiveCfg = Release|Any CPU
		{86B31247-2795-4D84-B78B-DE8D502E6719}.Release|ARM.Build.0 = Release|Any CPU
		{86B31247-2795-4D84-B78B-DE8D502E6719}.Release|ARM64.ActiveCfg = Release|Any CPU
		{86B31247-2795-4D84-B78B-DE8D502E6719}.Release|ARM64.Build.0 = Release|Any CPU
		{86B31247-2795-4D84-B78B-DE8D502E6719}.Release|x64.ActiveCfg = Release|Any CPU
		{86B31247-2795-4D84-B78B-DE8D502E6719}.Release|x64.Build.0 = Release|Any CPU
		{86B31247-2795-4D84-B78B-DE8D502E6719}.Release|x86.ActiveCfg = Release|Any CPU
		{86B31247-2795-4D84-B78B-DE8D502E6719}.Release|x86.Build.0 = Release|Any CPU
		{8293BA49-2BD2-4888-A742-DC576DB19BD1}.Debug|Any CPU.ActiveCfg = Debug|Any CPU
		{8293BA49-2BD2-4888-A742-DC576DB19BD1}.Debug|Any CPU.Build.0 = Debug|Any CPU
		{8293BA49-2BD2-4888-A742-DC576DB19BD1}.Debug|ARM.ActiveCfg = Debug|Any CPU
		{8293BA49-2BD2-4888-A742-DC576DB19BD1}.Debug|ARM.Build.0 = Debug|Any CPU
		{8293BA49-2BD2-4888-A742-DC576DB19BD1}.Debug|ARM64.ActiveCfg = Debug|Any CPU
		{8293BA49-2BD2-4888-A742-DC576DB19BD1}.Debug|ARM64.Build.0 = Debug|Any CPU
		{8293BA49-2BD2-4888-A742-DC576DB19BD1}.Debug|x64.ActiveCfg = Debug|Any CPU
		{8293BA49-2BD2-4888-A742-DC576DB19BD1}.Debug|x64.Build.0 = Debug|Any CPU
		{8293BA49-2BD2-4888-A742-DC576DB19BD1}.Debug|x86.ActiveCfg = Debug|Any CPU
		{8293BA49-2BD2-4888-A742-DC576DB19BD1}.Debug|x86.Build.0 = Debug|Any CPU
		{8293BA49-2BD2-4888-A742-DC576DB19BD1}.Release|Any CPU.ActiveCfg = Release|Any CPU
		{8293BA49-2BD2-4888-A742-DC576DB19BD1}.Release|Any CPU.Build.0 = Release|Any CPU
		{8293BA49-2BD2-4888-A742-DC576DB19BD1}.Release|ARM.ActiveCfg = Release|Any CPU
		{8293BA49-2BD2-4888-A742-DC576DB19BD1}.Release|ARM.Build.0 = Release|Any CPU
		{8293BA49-2BD2-4888-A742-DC576DB19BD1}.Release|ARM64.ActiveCfg = Release|Any CPU
		{8293BA49-2BD2-4888-A742-DC576DB19BD1}.Release|ARM64.Build.0 = Release|Any CPU
		{8293BA49-2BD2-4888-A742-DC576DB19BD1}.Release|x64.ActiveCfg = Release|Any CPU
		{8293BA49-2BD2-4888-A742-DC576DB19BD1}.Release|x64.Build.0 = Release|Any CPU
		{8293BA49-2BD2-4888-A742-DC576DB19BD1}.Release|x86.ActiveCfg = Release|Any CPU
		{8293BA49-2BD2-4888-A742-DC576DB19BD1}.Release|x86.Build.0 = Release|Any CPU
		{54CAB3F2-F07C-4D88-B50C-D140C0F799E0}.Debug|Any CPU.ActiveCfg = Debug|Any CPU
		{54CAB3F2-F07C-4D88-B50C-D140C0F799E0}.Debug|Any CPU.Build.0 = Debug|Any CPU
		{54CAB3F2-F07C-4D88-B50C-D140C0F799E0}.Debug|ARM.ActiveCfg = Debug|Any CPU
		{54CAB3F2-F07C-4D88-B50C-D140C0F799E0}.Debug|ARM.Build.0 = Debug|Any CPU
		{54CAB3F2-F07C-4D88-B50C-D140C0F799E0}.Debug|ARM64.ActiveCfg = Debug|Any CPU
		{54CAB3F2-F07C-4D88-B50C-D140C0F799E0}.Debug|ARM64.Build.0 = Debug|Any CPU
		{54CAB3F2-F07C-4D88-B50C-D140C0F799E0}.Debug|x64.ActiveCfg = Debug|Any CPU
		{54CAB3F2-F07C-4D88-B50C-D140C0F799E0}.Debug|x64.Build.0 = Debug|Any CPU
		{54CAB3F2-F07C-4D88-B50C-D140C0F799E0}.Debug|x86.ActiveCfg = Debug|Any CPU
		{54CAB3F2-F07C-4D88-B50C-D140C0F799E0}.Debug|x86.Build.0 = Debug|Any CPU
		{54CAB3F2-F07C-4D88-B50C-D140C0F799E0}.Release|Any CPU.ActiveCfg = Release|Any CPU
		{54CAB3F2-F07C-4D88-B50C-D140C0F799E0}.Release|Any CPU.Build.0 = Release|Any CPU
		{54CAB3F2-F07C-4D88-B50C-D140C0F799E0}.Release|ARM.ActiveCfg = Release|Any CPU
		{54CAB3F2-F07C-4D88-B50C-D140C0F799E0}.Release|ARM.Build.0 = Release|Any CPU
		{54CAB3F2-F07C-4D88-B50C-D140C0F799E0}.Release|ARM64.ActiveCfg = Release|Any CPU
		{54CAB3F2-F07C-4D88-B50C-D140C0F799E0}.Release|ARM64.Build.0 = Release|Any CPU
		{54CAB3F2-F07C-4D88-B50C-D140C0F799E0}.Release|x64.ActiveCfg = Release|Any CPU
		{54CAB3F2-F07C-4D88-B50C-D140C0F799E0}.Release|x64.Build.0 = Release|Any CPU
		{54CAB3F2-F07C-4D88-B50C-D140C0F799E0}.Release|x86.ActiveCfg = Release|Any CPU
		{54CAB3F2-F07C-4D88-B50C-D140C0F799E0}.Release|x86.Build.0 = Release|Any CPU
		{3BA86835-873B-4E2C-9EE4-390A32E10678}.Debug|Any CPU.ActiveCfg = Debug|Any CPU
		{3BA86835-873B-4E2C-9EE4-390A32E10678}.Debug|Any CPU.Build.0 = Debug|Any CPU
		{3BA86835-873B-4E2C-9EE4-390A32E10678}.Debug|ARM.ActiveCfg = Debug|Any CPU
		{3BA86835-873B-4E2C-9EE4-390A32E10678}.Debug|ARM.Build.0 = Debug|Any CPU
		{3BA86835-873B-4E2C-9EE4-390A32E10678}.Debug|ARM64.ActiveCfg = Debug|Any CPU
		{3BA86835-873B-4E2C-9EE4-390A32E10678}.Debug|ARM64.Build.0 = Debug|Any CPU
		{3BA86835-873B-4E2C-9EE4-390A32E10678}.Debug|x64.ActiveCfg = Debug|Any CPU
		{3BA86835-873B-4E2C-9EE4-390A32E10678}.Debug|x64.Build.0 = Debug|Any CPU
		{3BA86835-873B-4E2C-9EE4-390A32E10678}.Debug|x86.ActiveCfg = Debug|Any CPU
		{3BA86835-873B-4E2C-9EE4-390A32E10678}.Debug|x86.Build.0 = Debug|Any CPU
		{3BA86835-873B-4E2C-9EE4-390A32E10678}.Release|Any CPU.ActiveCfg = Release|Any CPU
		{3BA86835-873B-4E2C-9EE4-390A32E10678}.Release|Any CPU.Build.0 = Release|Any CPU
		{3BA86835-873B-4E2C-9EE4-390A32E10678}.Release|ARM.ActiveCfg = Release|Any CPU
		{3BA86835-873B-4E2C-9EE4-390A32E10678}.Release|ARM.Build.0 = Release|Any CPU
		{3BA86835-873B-4E2C-9EE4-390A32E10678}.Release|ARM64.ActiveCfg = Release|Any CPU
		{3BA86835-873B-4E2C-9EE4-390A32E10678}.Release|ARM64.Build.0 = Release|Any CPU
		{3BA86835-873B-4E2C-9EE4-390A32E10678}.Release|x64.ActiveCfg = Release|Any CPU
		{3BA86835-873B-4E2C-9EE4-390A32E10678}.Release|x64.Build.0 = Release|Any CPU
		{3BA86835-873B-4E2C-9EE4-390A32E10678}.Release|x86.ActiveCfg = Release|Any CPU
		{3BA86835-873B-4E2C-9EE4-390A32E10678}.Release|x86.Build.0 = Release|Any CPU
		{82004177-6EF1-42DE-911B-BD4917BB4B81}.Debug|Any CPU.ActiveCfg = Debug|Any CPU
		{82004177-6EF1-42DE-911B-BD4917BB4B81}.Debug|Any CPU.Build.0 = Debug|Any CPU
		{82004177-6EF1-42DE-911B-BD4917BB4B81}.Debug|ARM.ActiveCfg = Debug|Any CPU
		{82004177-6EF1-42DE-911B-BD4917BB4B81}.Debug|ARM.Build.0 = Debug|Any CPU
		{82004177-6EF1-42DE-911B-BD4917BB4B81}.Debug|ARM64.ActiveCfg = Debug|Any CPU
		{82004177-6EF1-42DE-911B-BD4917BB4B81}.Debug|ARM64.Build.0 = Debug|Any CPU
		{82004177-6EF1-42DE-911B-BD4917BB4B81}.Debug|x64.ActiveCfg = Debug|Any CPU
		{82004177-6EF1-42DE-911B-BD4917BB4B81}.Debug|x64.Build.0 = Debug|Any CPU
		{82004177-6EF1-42DE-911B-BD4917BB4B81}.Debug|x86.ActiveCfg = Debug|Any CPU
		{82004177-6EF1-42DE-911B-BD4917BB4B81}.Debug|x86.Build.0 = Debug|Any CPU
		{82004177-6EF1-42DE-911B-BD4917BB4B81}.Release|Any CPU.ActiveCfg = Release|Any CPU
		{82004177-6EF1-42DE-911B-BD4917BB4B81}.Release|Any CPU.Build.0 = Release|Any CPU
		{82004177-6EF1-42DE-911B-BD4917BB4B81}.Release|ARM.ActiveCfg = Release|Any CPU
		{82004177-6EF1-42DE-911B-BD4917BB4B81}.Release|ARM.Build.0 = Release|Any CPU
		{82004177-6EF1-42DE-911B-BD4917BB4B81}.Release|ARM64.ActiveCfg = Release|Any CPU
		{82004177-6EF1-42DE-911B-BD4917BB4B81}.Release|ARM64.Build.0 = Release|Any CPU
		{82004177-6EF1-42DE-911B-BD4917BB4B81}.Release|x64.ActiveCfg = Release|Any CPU
		{82004177-6EF1-42DE-911B-BD4917BB4B81}.Release|x64.Build.0 = Release|Any CPU
		{82004177-6EF1-42DE-911B-BD4917BB4B81}.Release|x86.ActiveCfg = Release|Any CPU
		{82004177-6EF1-42DE-911B-BD4917BB4B81}.Release|x86.Build.0 = Release|Any CPU
		{DD438273-69A1-4266-901F-734457524A37}.Debug|Any CPU.ActiveCfg = Debug|Any CPU
		{DD438273-69A1-4266-901F-734457524A37}.Debug|Any CPU.Build.0 = Debug|Any CPU
		{DD438273-69A1-4266-901F-734457524A37}.Debug|ARM.ActiveCfg = Debug|Any CPU
		{DD438273-69A1-4266-901F-734457524A37}.Debug|ARM.Build.0 = Debug|Any CPU
		{DD438273-69A1-4266-901F-734457524A37}.Debug|ARM64.ActiveCfg = Debug|Any CPU
		{DD438273-69A1-4266-901F-734457524A37}.Debug|ARM64.Build.0 = Debug|Any CPU
		{DD438273-69A1-4266-901F-734457524A37}.Debug|x64.ActiveCfg = Debug|Any CPU
		{DD438273-69A1-4266-901F-734457524A37}.Debug|x64.Build.0 = Debug|Any CPU
		{DD438273-69A1-4266-901F-734457524A37}.Debug|x86.ActiveCfg = Debug|Any CPU
		{DD438273-69A1-4266-901F-734457524A37}.Debug|x86.Build.0 = Debug|Any CPU
		{DD438273-69A1-4266-901F-734457524A37}.Release|Any CPU.ActiveCfg = Release|Any CPU
		{DD438273-69A1-4266-901F-734457524A37}.Release|Any CPU.Build.0 = Release|Any CPU
		{DD438273-69A1-4266-901F-734457524A37}.Release|ARM.ActiveCfg = Release|Any CPU
		{DD438273-69A1-4266-901F-734457524A37}.Release|ARM.Build.0 = Release|Any CPU
		{DD438273-69A1-4266-901F-734457524A37}.Release|ARM64.ActiveCfg = Release|Any CPU
		{DD438273-69A1-4266-901F-734457524A37}.Release|ARM64.Build.0 = Release|Any CPU
		{DD438273-69A1-4266-901F-734457524A37}.Release|x64.ActiveCfg = Release|Any CPU
		{DD438273-69A1-4266-901F-734457524A37}.Release|x64.Build.0 = Release|Any CPU
		{DD438273-69A1-4266-901F-734457524A37}.Release|x86.ActiveCfg = Release|Any CPU
		{DD438273-69A1-4266-901F-734457524A37}.Release|x86.Build.0 = Release|Any CPU
		{D8B0B7AE-4C22-4C68-9079-5B429A4F3522}.Debug|Any CPU.ActiveCfg = Debug|Any CPU
		{D8B0B7AE-4C22-4C68-9079-5B429A4F3522}.Debug|Any CPU.Build.0 = Debug|Any CPU
		{D8B0B7AE-4C22-4C68-9079-5B429A4F3522}.Debug|ARM.ActiveCfg = Debug|Any CPU
		{D8B0B7AE-4C22-4C68-9079-5B429A4F3522}.Debug|ARM.Build.0 = Debug|Any CPU
		{D8B0B7AE-4C22-4C68-9079-5B429A4F3522}.Debug|ARM64.ActiveCfg = Debug|Any CPU
		{D8B0B7AE-4C22-4C68-9079-5B429A4F3522}.Debug|ARM64.Build.0 = Debug|Any CPU
		{D8B0B7AE-4C22-4C68-9079-5B429A4F3522}.Debug|x64.ActiveCfg = Debug|Any CPU
		{D8B0B7AE-4C22-4C68-9079-5B429A4F3522}.Debug|x64.Build.0 = Debug|Any CPU
		{D8B0B7AE-4C22-4C68-9079-5B429A4F3522}.Debug|x86.ActiveCfg = Debug|Any CPU
		{D8B0B7AE-4C22-4C68-9079-5B429A4F3522}.Debug|x86.Build.0 = Debug|Any CPU
		{D8B0B7AE-4C22-4C68-9079-5B429A4F3522}.Release|Any CPU.ActiveCfg = Release|Any CPU
		{D8B0B7AE-4C22-4C68-9079-5B429A4F3522}.Release|Any CPU.Build.0 = Release|Any CPU
		{D8B0B7AE-4C22-4C68-9079-5B429A4F3522}.Release|ARM.ActiveCfg = Release|Any CPU
		{D8B0B7AE-4C22-4C68-9079-5B429A4F3522}.Release|ARM.Build.0 = Release|Any CPU
		{D8B0B7AE-4C22-4C68-9079-5B429A4F3522}.Release|ARM64.ActiveCfg = Release|Any CPU
		{D8B0B7AE-4C22-4C68-9079-5B429A4F3522}.Release|ARM64.Build.0 = Release|Any CPU
		{D8B0B7AE-4C22-4C68-9079-5B429A4F3522}.Release|x64.ActiveCfg = Release|Any CPU
		{D8B0B7AE-4C22-4C68-9079-5B429A4F3522}.Release|x64.Build.0 = Release|Any CPU
		{D8B0B7AE-4C22-4C68-9079-5B429A4F3522}.Release|x86.ActiveCfg = Release|Any CPU
		{D8B0B7AE-4C22-4C68-9079-5B429A4F3522}.Release|x86.Build.0 = Release|Any CPU
		{F4212F3A-4F71-4CB2-9C21-BD2B293A19D2}.Debug|Any CPU.ActiveCfg = Debug|Any CPU
		{F4212F3A-4F71-4CB2-9C21-BD2B293A19D2}.Debug|Any CPU.Build.0 = Debug|Any CPU
		{F4212F3A-4F71-4CB2-9C21-BD2B293A19D2}.Debug|ARM.ActiveCfg = Debug|Any CPU
		{F4212F3A-4F71-4CB2-9C21-BD2B293A19D2}.Debug|ARM.Build.0 = Debug|Any CPU
		{F4212F3A-4F71-4CB2-9C21-BD2B293A19D2}.Debug|ARM64.ActiveCfg = Debug|Any CPU
		{F4212F3A-4F71-4CB2-9C21-BD2B293A19D2}.Debug|ARM64.Build.0 = Debug|Any CPU
		{F4212F3A-4F71-4CB2-9C21-BD2B293A19D2}.Debug|x64.ActiveCfg = Debug|Any CPU
		{F4212F3A-4F71-4CB2-9C21-BD2B293A19D2}.Debug|x64.Build.0 = Debug|Any CPU
		{F4212F3A-4F71-4CB2-9C21-BD2B293A19D2}.Debug|x86.ActiveCfg = Debug|Any CPU
		{F4212F3A-4F71-4CB2-9C21-BD2B293A19D2}.Debug|x86.Build.0 = Debug|Any CPU
		{F4212F3A-4F71-4CB2-9C21-BD2B293A19D2}.Release|Any CPU.ActiveCfg = Release|Any CPU
		{F4212F3A-4F71-4CB2-9C21-BD2B293A19D2}.Release|Any CPU.Build.0 = Release|Any CPU
		{F4212F3A-4F71-4CB2-9C21-BD2B293A19D2}.Release|ARM.ActiveCfg = Release|Any CPU
		{F4212F3A-4F71-4CB2-9C21-BD2B293A19D2}.Release|ARM.Build.0 = Release|Any CPU
		{F4212F3A-4F71-4CB2-9C21-BD2B293A19D2}.Release|ARM64.ActiveCfg = Release|Any CPU
		{F4212F3A-4F71-4CB2-9C21-BD2B293A19D2}.Release|ARM64.Build.0 = Release|Any CPU
		{F4212F3A-4F71-4CB2-9C21-BD2B293A19D2}.Release|x64.ActiveCfg = Release|Any CPU
		{F4212F3A-4F71-4CB2-9C21-BD2B293A19D2}.Release|x64.Build.0 = Release|Any CPU
		{F4212F3A-4F71-4CB2-9C21-BD2B293A19D2}.Release|x86.ActiveCfg = Release|Any CPU
		{F4212F3A-4F71-4CB2-9C21-BD2B293A19D2}.Release|x86.Build.0 = Release|Any CPU
		{D94B4983-7DF1-469E-9B29-B078D73E296F}.Debug|Any CPU.ActiveCfg = Debug|Any CPU
		{D94B4983-7DF1-469E-9B29-B078D73E296F}.Debug|Any CPU.Build.0 = Debug|Any CPU
		{D94B4983-7DF1-469E-9B29-B078D73E296F}.Debug|ARM.ActiveCfg = Debug|Any CPU
		{D94B4983-7DF1-469E-9B29-B078D73E296F}.Debug|ARM.Build.0 = Debug|Any CPU
		{D94B4983-7DF1-469E-9B29-B078D73E296F}.Debug|ARM64.ActiveCfg = Debug|Any CPU
		{D94B4983-7DF1-469E-9B29-B078D73E296F}.Debug|ARM64.Build.0 = Debug|Any CPU
		{D94B4983-7DF1-469E-9B29-B078D73E296F}.Debug|x64.ActiveCfg = Debug|Any CPU
		{D94B4983-7DF1-469E-9B29-B078D73E296F}.Debug|x64.Build.0 = Debug|Any CPU
		{D94B4983-7DF1-469E-9B29-B078D73E296F}.Debug|x86.ActiveCfg = Debug|Any CPU
		{D94B4983-7DF1-469E-9B29-B078D73E296F}.Debug|x86.Build.0 = Debug|Any CPU
		{D94B4983-7DF1-469E-9B29-B078D73E296F}.Release|Any CPU.ActiveCfg = Release|Any CPU
		{D94B4983-7DF1-469E-9B29-B078D73E296F}.Release|Any CPU.Build.0 = Release|Any CPU
		{D94B4983-7DF1-469E-9B29-B078D73E296F}.Release|ARM.ActiveCfg = Release|Any CPU
		{D94B4983-7DF1-469E-9B29-B078D73E296F}.Release|ARM.Build.0 = Release|Any CPU
		{D94B4983-7DF1-469E-9B29-B078D73E296F}.Release|ARM64.ActiveCfg = Release|Any CPU
		{D94B4983-7DF1-469E-9B29-B078D73E296F}.Release|ARM64.Build.0 = Release|Any CPU
		{D94B4983-7DF1-469E-9B29-B078D73E296F}.Release|x64.ActiveCfg = Release|Any CPU
		{D94B4983-7DF1-469E-9B29-B078D73E296F}.Release|x64.Build.0 = Release|Any CPU
		{D94B4983-7DF1-469E-9B29-B078D73E296F}.Release|x86.ActiveCfg = Release|Any CPU
		{D94B4983-7DF1-469E-9B29-B078D73E296F}.Release|x86.Build.0 = Release|Any CPU
	EndGlobalSection
	GlobalSection(SolutionProperties) = preSolution
		HideSolutionNode = FALSE
	EndGlobalSection
	GlobalSection(ExtensibilityGlobals) = postSolution
		SolutionGuid = {A899D7C1-B713-4E5F-987A-EF916FCE5557}
	EndGlobalSection
EndGlobal
